{"1.2.0",
[{<<"epgsql">>,{pkg,<<"epgsql">>,<<"4.7.1">>},0},
 {<<"snabbkaffe">>,
  {git,"https://github.com/kafka4beam/snabbkaffe",
       {ref,"b59298334ed349556f63405d1353184c63c66534"}},
  0},
 {<<"supervisor3">>,{pkg,<<"supervisor3">>,<<"1.1.12">>},0}]}.
[
{pkg_hash,[
 {<<"epgsql">>, <<"D4E47CAE46C18C8AFA88E34D59A9B4BAE16368D7CE1EB3DA24FA755EB28393EB">>},
 {<<"supervisor3">>, <<"2FAB1AF26BB9F8AE07692BB30EF79D5F1940E1587EFF9C14C6C8B04B16B400A8">>}]},
{pkg_hash_ext,[
 {<<"epgsql">>, <<"B6D86B7DC42C8555B1D4E20880E5099D6D6D053148000E188E548F98E4E01836">>},
 {<<"supervisor3">>, <<"62BF29F802C8620B7F9609FE5D81212B1AA5A75A7D86876B61CEA73BE58BA2A6">>}]}
].
